
Microsoft Visual Studio Solution File, Format Version 12.00
# Visual Studio Version 17
VisualStudioVersion = 17.2.32630.192
MinimumVisualStudioVersion = 10.0.40219.1
Project("{2150E333-8FDC-42A3-9474-1A3956D46DE8}") = "Application", "Application", "{40623FA8-A2AE-4689-8C92-C175E6AB636B}"
EndProject
Project("{9A19103F-16F7-4668-BE54-9A1E7A4F7556}") = "GeekShopping.Web", "GeekShopping.Web\GeekShopping.Web.csproj", "{ADB89325-3C0C-44DA-ADFE-DB35AA28810A}"
EndProject
Global
	GlobalSection(SolutionConfigurationPlatforms) = preSolution
		Debug|Any CPU = Debug|Any CPU
		Release|Any CPU = Release|Any CPU
	EndGlobalSection
	GlobalSection(ProjectConfigurationPlatforms) = postSolution
		{ADB89325-3C0C-44DA-ADFE-DB35AA28810A}.Debug|Any CPU.ActiveCfg = Debug|Any CPU
		{ADB89325-3C0C-44DA-ADFE-DB35AA28810A}.Debug|Any CPU.Build.0 = Debug|Any CPU
		{ADB89325-3C0C-44DA-ADFE-DB35AA28810A}.Release|Any CPU.ActiveCfg = Release|Any CPU
		{ADB89325-3C0C-44DA-ADFE-DB35AA28810A}.Release|Any CPU.Build.0 = Release|Any CPU
	EndGlobalSection
	GlobalSection(SolutionProperties) = preSolution
		HideSolutionNode = FALSE
	EndGlobalSection
	GlobalSection(NestedProjects) = preSolution
		{ADB89325-3C0C-44DA-ADFE-DB35AA28810A} = {40623FA8-A2AE-4689-8C92-C175E6AB636B}
	EndGlobalSection
	GlobalSection(ExtensibilityGlobals) = postSolution
		SolutionGuid = {C1EB5189-C9BE-4238-8AFF-2FF4BFC24E6D}
	EndGlobalSection
EndGlobal
